
Microsoft Visual Studio Solution File, Format Version 12.00
# Visual Studio Version 17
VisualStudioVersion = 17.11.35219.272
MinimumVisualStudioVersion = 10.0.40219.1
Project("{FAE04EC0-301F-11D3-BF4B-00C04F79EFBC}") = "Hospital Management Project", "Hospital Management Project\Hospital Management Project.csproj", "{8792A4DE-51DF-4D02-9FE3-D68D8E9CDA53}"
EndProject
Global
	GlobalSection(SolutionConfigurationPlatforms) = preSolution
		Debug|Any CPU = Debug|Any CPU
		Release|Any CPU = Release|Any CPU
	EndGlobalSection
	GlobalSection(ProjectConfigurationPlatforms) = postSolution
		{8792A4DE-51DF-4D02-9FE3-D68D8E9CDA53}.Debug|Any CPU.ActiveCfg = Debug|Any CPU
		{8792A4DE-51DF-4D02-9FE3-D68D8E9CDA53}.Debug|Any CPU.Build.0 = Debug|Any CPU
		{8792A4DE-51DF-4D02-9FE3-D68D8E9CDA53}.Release|Any CPU.ActiveCfg = Release|Any CPU
		{8792A4DE-51DF-4D02-9FE3-D68D8E9CDA53}.Release|Any CPU.Build.0 = Release|Any CPU
	EndGlobalSection
	GlobalSection(SolutionProperties) = preSolution
		HideSolutionNode = FALSE
	EndGlobalSection
	GlobalSection(ExtensibilityGlobals) = postSolution
		SolutionGuid = {DADE1FED-FAF9-4A30-AD10-A6DDB0896B68}
	EndGlobalSection
EndGlobal
